{
  "requires": true,
  "lockfileVersion": 1,
  "dependencies": {
    "@primer/octicons": {
      "version": "16.2.0",
      "resolved": "https://registry.npmjs.org/@primer/octicons/-/octicons-16.2.0.tgz",
      "integrity": "sha512-GMwiKSRuYOCPJpRBtiY+Myfp2DWSjnjaettrl9y4TsWfMk42osYhxEOFZkU2QZT2hAULaVvCqH2zFd+3Ybg4cg==",
      "requires": {
        "object-assign": "^4.1.1"
      }
    },
    "object-assign": {
      "version": "4.1.1",
      "resolved": "https://registry.npmjs.org/object-assign/-/object-assign-4.1.1.tgz",
      "integrity": "sha1-IQmtx5ZYh8/AXLvUQsrIv7s2CGM="
    }
  }
}
